
Microsoft Visual Studio Solution File, Format Version 12.00
# Visual Studio Version 16
VisualStudioVersion = 16.0.29326.143
MinimumVisualStudioVersion = 10.0.40219.1
Project("{FAE04EC0-301F-11D3-BF4B-00C04F79EFBC}") = "Spillman.Xamarin.Forms.ToolbarItemIsVisible", "Spillman.Xamarin.Forms.ToolbarItemIsVisible.csproj", "{ADF42288-83A4-49C5-958C-A7ECCC53B1EB}"
EndProject
Global
	GlobalSection(SolutionConfigurationPlatforms) = preSolution
		Debug|Any CPU = Debug|Any CPU
		Release|Any CPU = Release|Any CPU
	EndGlobalSection
	GlobalSection(ProjectConfigurationPlatforms) = postSolution
		{ADF42288-83A4-49C5-958C-A7ECCC53B1EB}.Debug|Any CPU.ActiveCfg = Debug|Any CPU
		{ADF42288-83A4-49C5-958C-A7ECCC53B1EB}.Debug|Any CPU.Build.0 = Debug|Any CPU
		{ADF42288-83A4-49C5-958C-A7ECCC53B1EB}.Release|Any CPU.ActiveCfg = Release|Any CPU
		{ADF42288-83A4-49C5-958C-A7ECCC53B1EB}.Release|Any CPU.Build.0 = Release|Any CPU
	EndGlobalSection
	GlobalSection(SolutionProperties) = preSolution
		HideSolutionNode = FALSE
	EndGlobalSection
	GlobalSection(ExtensibilityGlobals) = postSolution
		SolutionGuid = {1D36552E-C8B5-472E-AF19-D6A132F26978}
	EndGlobalSection
EndGlobal
